
Microsoft Visual Studio Solution File, Format Version 12.00
# Visual Studio Version 16
VisualStudioVersion = 16.0.31205.134
MinimumVisualStudioVersion = 10.0.40219.1
Project("{FAE04EC0-301F-11D3-BF4B-00C04F79EFBC}") = "MHO-Executable-Decompressor", "MHO-Decompressor\MHO-Executable-Decompressor.csproj", "{A5C91190-0FAF-4506-A6AD-88E501ED5BC2}"
EndProject
Global
	GlobalSection(SolutionConfigurationPlatforms) = preSolution
		Debug|Any CPU = Debug|Any CPU
		Release|Any CPU = Release|Any CPU
	EndGlobalSection
	GlobalSection(ProjectConfigurationPlatforms) = postSolution
		{A5C91190-0FAF-4506-A6AD-88E501ED5BC2}.Debug|Any CPU.ActiveCfg = Debug|Any CPU
		{A5C91190-0FAF-4506-A6AD-88E501ED5BC2}.Debug|Any CPU.Build.0 = Debug|Any CPU
		{A5C91190-0FAF-4506-A6AD-88E501ED5BC2}.Release|Any CPU.ActiveCfg = Release|Any CPU
		{A5C91190-0FAF-4506-A6AD-88E501ED5BC2}.Release|Any CPU.Build.0 = Release|Any CPU
	EndGlobalSection
	GlobalSection(SolutionProperties) = preSolution
		HideSolutionNode = FALSE
	EndGlobalSection
	GlobalSection(ExtensibilityGlobals) = postSolution
		SolutionGuid = {6FC46875-924E-47A8-9A0D-526A6A8DB9C2}
	EndGlobalSection
EndGlobal
